// !$*UTF8*$!
{
	archiveVersion = 1;
	classes = {
	};
	objectVersion = 46;
	objects = {

/* Begin PBXBuildFile section */
		29F656B81CEDCEFB0047D07C /* AppDelegate.swift in Sources */ = {isa = PBXBuildFile; fileRef = 29F656B71CEDCEFB0047D07C /* AppDelegate.swift */; };
		29F656BA1CEDCEFB0047D07C /* ViewController.swift in Sources */ = {isa = PBXBuildFile; fileRef = 29F656B91CEDCEFB0047D07C /* ViewController.swift */; };
		29F656BD1CEDCEFB0047D07C /* Main.storyboard in Resources */ = {isa = PBXBuildFile; fileRef = 29F656BB1CEDCEFB0047D07C /* Main.storyboard */; };
		29F656BF1CEDCEFB0047D07C /* Assets.xcassets in Resources */ = {isa = PBXBuildFile; fileRef = 29F656BE1CEDCEFB0047D07C /* Assets.xcassets */; };
		29F656C21CEDCEFB0047D07C /* LaunchScreen.storyboard in Resources */ = {isa = PBXBuildFile; fileRef = 29F656C01CEDCEFB0047D07C /* LaunchScreen.storyboard */; };
		29F656CD1CEDCEFB0047D07C /* SatelliteTests.swift in Sources */ = {isa = PBXBuildFile; fileRef = 29F656CC1CEDCEFB0047D07C /* SatelliteTests.swift */; };
/* End PBXBuildFile section */

/* Begin PBXContainerItemProxy section */
		29F656C91CEDCEFB0047D07C /* PBXContainerItemProxy */ = {
			isa = PBXContainerItemProxy;
			containerPortal = 29F656AC1CEDCEFB0047D07C /* Project object */;
			proxyType = 1;
			remoteGlobalIDString = 29F656B31CEDCEFB0047D07C;
			remoteInfo = Satellite;
		};
/* End PBXContainerItemProxy section */

/* Begin PBXFileReference section */
		29F656B41CEDCEFB0047D07C /* Satellite.app */ = {isa = PBXFileReference; explicitFileType = wrapper.application; includeInIndex = 0; path = Satellite.app; sourceTree = BUILT_PRODUCTS_DIR; };
		29F656B71CEDCEFB0047D07C /* AppDelegate.swift */ = {isa = PBXFileReference; lastKnownFileType = sourcecode.swift; path = AppDelegate.swift; sourceTree = "<group>"; };
		29F656B91CEDCEFB0047D07C /* ViewController.swift */ = {isa = PBXFileReference; lastKnownFileType = sourcecode.swift; path = ViewController.swift; sourceTree = "<group>"; };
		29F656BC1CEDCEFB0047D07C /* Base */ = {isa = PBXFileReference; lastKnownFileType = file.storyboard; name = Base; path = Base.lproj/Main.storyboard; sourceTree = "<group>"; };
		29F656BE1CEDCEFB0047D07C /* Assets.xcassets */ = {isa = PBXFileReference; lastKnownFileType = folder.assetcatalog; path = Assets.xcassets; sourceTree = "<group>"; };
		29F656C11CEDCEFB0047D07C /* Base */ = {isa = PBXFileReference; lastKnownFileType = file.storyboard; name = Base; path = Base.lproj/LaunchScreen.storyboard; sourceTree = "<group>"; };
		29F656C31CEDCEFB0047D07C /* Info.plist */ = {isa = PBXFileReference; lastKnownFileType = text.plist.xml; path = Info.plist; sourceTree = "<group>"; };
		29F656C81CEDCEFB0047D07C /* SatelliteTests.xctest */ = {isa = PBXFileReference; explicitFileType = wrapper.cfbundle; includeInIndex = 0; path = SatelliteTests.xctest; sourceTree = BUILT_PRODUCTS_DIR; };
		29F656CC1CEDCEFB0047D07C /* SatelliteTests.swift */ = {isa = PBXFileReference; lastKnownFileType = sourcecode.swift; path = SatelliteTests.swift; sourceTree = "<group>"; };
		29F656CE1CEDCEFB0047D07C /* Info.plist */ = {isa = PBXFileReference; lastKnownFileType = text.plist.xml; path = Info.plist; sourceTree = "<group>"; };
/* End PBXFileReference section */

/* Begin PBXFrameworksBuildPhase section */
		29F656B11CEDCEFB0047D07C /* Frameworks */ = {
			isa = PBXFrameworksBuildPhase;
			buildActionMask = 2147483647;
			files = (
			);
			runOnlyForDeploymentPostprocessing = 0;
		};
		29F656C51CEDCEFB0047D07C /* Frameworks */ = {
			isa = PBXFrameworksBuildPhase;
			buildActionMask = 2147483647;
			files = (
			);
			runOnlyForDeploymentPostprocessing = 0;
		};
/* End PBXFrameworksBuildPhase section */

/* Begin PBXGroup section */
		29F656AB1CEDCEFB0047D07C = {
			isa = PBXGroup;
			children = (
				29F656B61CEDCEFB0047D07C /* Satellite */,
				29F656CB1CEDCEFB0047D07C /* SatelliteTests */,
				29F656B51CEDCEFB0047D07C /* Products */,
			);
			sourceTree = "<group>";
		};
		29F656B51CEDCEFB0047D07C /* Products */ = {
			isa = PBXGroup;
			children = (
				29F656B41CEDCEFB0047D07C /* Satellite.app */,
				29F656C81CEDCEFB0047D07C /* SatelliteTests.xctest */,
			);
			name = Products;
			sourceTree = "<group>";
		};
		29F656B61CEDCEFB0047D07C /* Satellite */ = {
			isa = PBXGroup;
			children = (
				29F656B71CEDCEFB0047D07C /* AppDelegate.swift */,
				29F656B91CEDCEFB0047D07C /* ViewController.swift */,
				29F656BB1CEDCEFB0047D07C /* Main.storyboard */,
				29F656BE1CEDCEFB0047D07C /* Assets.xcassets */,
				29F656C01CEDCEFB0047D07C /* LaunchScreen.storyboard */,
				29F656C31CEDCEFB0047D07C /* Info.plist */,
			);
			path = Satellite;
			sourceTree = "<group>";
		};
		29F656CB1CEDCEFB0047D07C /* SatelliteTests */ = {
			isa = PBXGroup;
			children = (
				29F656CC1CEDCEFB0047D07C /* SatelliteTests.swift */,
				29F656CE1CEDCEFB0047D07C /* Info.plist */,
			);
			path = SatelliteTests;
			sourceTree = "<group>";
		};
/* End PBXGroup section */

/* Begin PBXNativeTarget section */
		29F656B31CEDCEFB0047D07C /* Satellite */ = {
			isa = PBXNativeTarget;
			buildConfigurationList = 29F656D11CEDCEFB0047D07C /* Build configuration list for PBXNativeTarget "Satellite" */;
			buildPhases = (
				29F656B01CEDCEFB0047D07C /* Sources */,
				29F656B11CEDCEFB0047D07C /* Frameworks */,
				29F656B21CEDCEFB0047D07C /* Resources */,
			);
			buildRules = (
			);
			dependencies = (
			);
			name = Satellite;
			productName = Satellite;
			productReference = 29F656B41CEDCEFB0047D07C /* Satellite.app */;
			productType = "com.apple.product-type.application";
		};
		29F656C71CEDCEFB0047D07C /* SatelliteTests */ = {
			isa = PBXNativeTarget;
			buildConfigurationList = 29F656D41CEDCEFB0047D07C /* Build configuration list for PBXNativeTarget "SatelliteTests" */;
			buildPhases = (
				29F656C41CEDCEFB0047D07C /* Sources */,
				29F656C51CEDCEFB0047D07C /* Frameworks */,
				29F656C61CEDCEFB0047D07C /* Resources */,
			);
			buildRules = (
			);
			dependencies = (
				29F656CA1CEDCEFB0047D07C /* PBXTargetDependency */,
			);
			name = SatelliteTests;
			productName = SatelliteTests;
			productReference = 29F656C81CEDCEFB0047D07C /* SatelliteTests.xctest */;
			productType = "com.apple.product-type.bundle.unit-test";
		};
/* End PBXNativeTarget section */

/* Begin PBXProject section */
		29F656AC1CEDCEFB0047D07C /* Project object */ = {
			isa = PBXProject;
			attributes = {
				LastSwiftUpdateCheck = 0730;
				LastUpgradeCheck = 0730;
				ORGANIZATIONNAME = "Chen Yi Tai";
				TargetAttributes = {
					29F656B31CEDCEFB0047D07C = {
						CreatedOnToolsVersion = 7.3.1;
					};
					29F656C71CEDCEFB0047D07C = {
						CreatedOnToolsVersion = 7.3.1;
						TestTargetID = 29F656B31CEDCEFB0047D07C;
					};
				};
			};
			buildConfigurationList = 29F656AF1CEDCEFB0047D07C /* Build configuration list for PBXProject "Satellite" */;
			compatibilityVersion = "Xcode 3.2";
			developmentRegion = English;
			hasScannedForEncodings = 0;
			knownRegions = (
				en,
				Base,
			);
			mainGroup = 29F656AB1CEDCEFB0047D07C;
			productRefGroup = 29F656B51CEDCEFB0047D07C /* Products */;
			projectDirPath = "";
			projectRoot = "";
			targets = (
				29F656B31CEDCEFB0047D07C /* Satellite */,
				29F656C71CEDCEFB0047D07C /* SatelliteTests */,
			);
		};
/* End PBXProject section */

/* Begin PBXResourcesBuildPhase section */
		29F656B21CEDCEFB0047D07C /* Resources */ = {
			isa = PBXResourcesBuildPhase;
			buildActionMask = 2147483647;
			files = (
				29F656C21CEDCEFB0047D07C /* LaunchScreen.storyboard in Resources */,
				29F656BF1CEDCEFB0047D07C /* Assets.xcassets in Resources */,
				29F656BD1CEDCEFB0047D07C /* Main.storyboard in Resources */,
			);
			runOnlyForDeploymentPostprocessing = 0;
		};
		29F656C61CEDCEFB0047D07C /* Resources */ = {
			isa = PBXResourcesBuildPhase;
			buildActionMask = 2147483647;
			files = (
			);
			runOnlyForDeploymentPostprocessing = 0;
		};
/* End PBXResourcesBuildPhase section */

/* Begin PBXSourcesBuildPhase section */
		29F656B01CEDCEFB0047D07C /* Sources */ = {
			isa = PBXSourcesBuildPhase;
			buildActionMask = 2147483647;
			files = (
				29F656BA1CEDCEFB0047D07C /* ViewController.swift in Sources */,
				29F656B81CEDCEFB0047D07C /* AppDelegate.swift in Sources */,
			);
			runOnlyForDeploymentPostprocessing = 0;
		};
		29F656C41CEDCEFB0047D07C /* Sources */ = {
			isa = PBXSourcesBuildPhase;
			buildActionMask = 2147483647;
			files = (
				29F656CD1CEDCEFB0047D07C /* SatelliteTests.swift in Sources */,
			);
			runOnlyForDeploymentPostprocessing = 0;
		};
/* End PBXSourcesBuildPhase section */

/* Begin PBXTargetDependency section */
		29F656CA1CEDCEFB0047D07C /* PBXTargetDependency */ = {
			isa = PBXTargetDependency;
			target = 29F656B31CEDCEFB0047D07C /* Satellite */;
			targetProxy = 29F656C91CEDCEFB0047D07C /* PBXContainerItemProxy */;
		};
/* End PBXTargetDependency section */

/* Begin PBXVariantGroup section */
		29F656BB1CEDCEFB0047D07C /* Main.storyboard */ = {
			isa = PBXVariantGroup;
			children = (
				29F656BC1CEDCEFB0047D07C /* Base */,
			);
			name = Main.storyboard;
			sourceTree = "<group>";
		};
		29F656C01CEDCEFB0047D07C /* LaunchScreen.storyboard */ = {
			isa = PBXVariantGroup;
			children = (
				29F656C11CEDCEFB0047D07C /* Base */,
			);
			name = LaunchScreen.storyboard;
			sourceTree = "<group>";
		};
/* End PBXVariantGroup section */

/* Begin XCBuildConfiguration section */
		29F656CF1CEDCEFB0047D07C /* Debug */ = {
			isa = XCBuildConfiguration;
			buildSettings = {
				ALWAYS_SEARCH_USER_PATHS = NO;
				CLANG_ANALYZER_NONNULL = YES;
				CLANG_CXX_LANGUAGE_STANDARD = "gnu++0x";
				CLANG_CXX_LIBRARY = "libc++";
				CLANG_ENABLE_MODULES = YES;
				CLANG_ENABLE_OBJC_ARC = YES;
				CLANG_WARN_BOOL_CONVERSION = YES;
				CLANG_WARN_CONSTANT_CONVERSION = YES;
				CLANG_WARN_DIRECT_OBJC_ISA_USAGE = YES_ERROR;
				CLANG_WARN_EMPTY_BODY = YES;
				CLANG_WARN_ENUM_CONVERSION = YES;
				CLANG_WARN_INT_CONVERSION = YES;
				CLANG_WARN_OBJC_ROOT_CLASS = YES_ERROR;
				CLANG_WARN_UNREACHABLE_CODE = YES;
				CLANG_WARN__DUPLICATE_METHOD_MATCH = YES;
				"CODE_SIGN_IDENTITY[sdk=iphoneos*]" = "iPhone Developer";
				COPY_PHASE_STRIP = NO;
				DEBUG_INFORMATION_FORMAT = dwarf;
				ENABLE_STRICT_OBJC_MSGSEND = YES;
				ENABLE_TESTABILITY = YES;
				GCC_C_LANGUAGE_STANDARD = gnu99;
				GCC_DYNAMIC_NO_PIC = NO;
				GCC_NO_COMMON_BLOCKS = YES;
				GCC_OPTIMIZATION_LEVEL = 0;
				GCC_PREPROCESSOR_DEFINITIONS = (
					"DEBUG=1",
					"$(inherited)",
				);
				GCC_WARN_64_TO_32_BIT_CONVERSION = YES;
				GCC_WARN_ABOUT_RETURN_TYPE = YES_ERROR;
				GCC_WARN_UNDECLARED_SELECTOR = YES;
				GCC_WARN_UNINITIALIZED_AUTOS = YES_AGGRESSIVE;
				GCC_WARN_UNUSED_FUNCTION = YES;
				GCC_WARN_UNUSED_VARIABLE = YES;
				IPHONEOS_DEPLOYMENT_TARGET = 9.3;
				MTL_ENABLE_DEBUG_INFO = YES;
				ONLY_ACTIVE_ARCH = YES;
				SDKROOT = iphoneos;
				SWIFT_OPTIMIZATION_LEVEL = "-Onone";
			};
			name = Debug;
		};
		29F656D01CEDCEFB0047D07C /* Release */ = {
			isa = XCBuildConfiguration;
			buildSettings = {
				ALWAYS_SEARCH_USER_PATHS = NO;
				CLANG_ANALYZER_NONNULL = YES;
				CLANG_CXX_LANGUAGE_STANDARD = "gnu++0x";
				CLANG_CXX_LIBRARY = "libc++";
				CLANG_ENABLE_MODULES = YES;
				CLANG_ENABLE_OBJC_ARC = YES;
				CLANG_WARN_BOOL_CONVERSION = YES;
				CLANG_WARN_CONSTANT_CONVERSION = YES;
				CLANG_WARN_DIRECT_OBJC_ISA_USAGE = YES_ERROR;
				CLANG_WARN_EMPTY_BODY = YES;
				CLANG_WARN_ENUM_CONVERSION = YES;
				CLANG_WARN_INT_CONVERSION = YES;
				CLANG_WARN_OBJC_ROOT_CLASS = YES_ERROR;
				CLANG_WARN_UNREACHABLE_CODE = YES;
				CLANG_WARN__DUPLICATE_METHOD_MATCH = YES;
				"CODE_SIGN_IDENTITY[sdk=iphoneos*]" = "iPhone Developer";
				COPY_PHASE_STRIP = NO;
				DEBUG_INFORMATION_FORMAT = "dwarf-with-dsym";
				ENABLE_NS_ASSERTIONS = NO;
				ENABLE_STRICT_OBJC_MSGSEND = YES;
				GCC_C_LANGUAGE_STANDARD = gnu99;
				GCC_NO_COMMON_BLOCKS = YES;
				GCC_WARN_64_TO_32_BIT_CONVERSION = YES;
				GCC_WARN_ABOUT_RETURN_TYPE = YES_ERROR;
				GCC_WARN_UNDECLARED_SELECTOR = YES;
				GCC_WARN_UNINITIALIZED_AUTOS = YES_AGGRESSIVE;
				GCC_WARN_UNUSED_FUNCTION = YES;
				GCC_WARN_UNUSED_VARIABLE = YES;
				IPHONEOS_DEPLOYMENT_TARGET = 9.3;
				MTL_ENABLE_DEBUG_INFO = NO;
				SDKROOT = iphoneos;
				VALIDATE_PRODUCT = YES;
			};
			name = Release;
		};
		29F656D21CEDCEFB0047D07C /* Debug */ = {
			isa = XCBuildConfiguration;
			buildSettings = {
				ASSETCATALOG_COMPILER_APPICON_NAME = AppIcon;
				INFOPLIST_FILE = Satellite/Info.plist;
				LD_RUNPATH_SEARCH_PATHS = "$(inherited) @executable_path/Frameworks";
				PRODUCT_BUNDLE_IDENTIFIER = none.Satellite;
				PRODUCT_NAME = "$(TARGET_NAME)";
			};
			name = Debug;
		};
		29F656D31CEDCEFB0047D07C /* Release */ = {
			isa = XCBuildConfiguration;
			buildSettings = {
				ASSETCATALOG_COMPILER_APPICON_NAME = AppIcon;
				INFOPLIST_FILE = Satellite/Info.plist;
				LD_RUNPATH_SEARCH_PATHS = "$(inherited) @executable_path/Frameworks";
				PRODUCT_BUNDLE_IDENTIFIER = none.Satellite;
				PRODUCT_NAME = "$(TARGET_NAME)";
			};
			name = Release;
		};
		29F656D51CEDCEFB0047D07C /* Debug */ = {
			isa = XCBuildConfiguration;
			buildSettings = {
				BUNDLE_LOADER = "$(TEST_HOST)";
				INFOPLIST_FILE = SatelliteTests/Info.plist;
				LD_RUNPATH_SEARCH_PATHS = "$(inherited) @executable_path/Frameworks @loader_path/Frameworks";
				PRODUCT_BUNDLE_IDENTIFIER = none.SatelliteTests;
				PRODUCT_NAME = "$(TARGET_NAME)";
				TEST_HOST = "$(BUILT_PRODUCTS_DIR)/Satellite.app/Satellite";
			};
			name = Debug;
		};
		29F656D61CEDCEFB0047D07C /* Release */ = {
			isa = XCBuildConfiguration;
			buildSettings = {
				BUNDLE_LOADER = "$(TEST_HOST)";
				INFOPLIST_FILE = SatelliteTests/Info.plist;
				LD_RUNPATH_SEARCH_PATHS = "$(inherited) @executable_path/Frameworks @loader_path/Frameworks";
				PRODUCT_BUNDLE_IDENTIFIER = none.SatelliteTests;
				PRODUCT_NAME = "$(TARGET_NAME)";
				TEST_HOST = "$(BUILT_PRODUCTS_DIR)/Satellite.app/Satellite";
			};
			name = Release;
		};
/* End XCBuildConfiguration section */

/* Begin XCConfigurationList section */
		29F656AF1CEDCEFB0047D07C /* Build configuration list for PBXProject "Satellite" */ = {
			isa = XCConfigurationList;
			buildConfigurations = (
				29F656CF1CEDCEFB0047D07C /* Debug */,
				29F656D01CEDCEFB0047D07C /* Release */,
			);
			defaultConfigurationIsVisible = 0;
			defaultConfigurationName = Release;
		};
		29F656D11CEDCEFB0047D07C /* Build configuration list for PBXNativeTarget "Satellite" */ = {
			isa = XCConfigurationList;
			buildConfigurations = (
				29F656D21CEDCEFB0047D07C /* Debug */,
				29F656D31CEDCEFB0047D07C /* Release */,
			);
			defaultConfigurationIsVisible = 0;
		};
		29F656D41CEDCEFB0047D07C /* Build configuration list for PBXNativeTarget "SatelliteTests" */ = {
			isa = XCConfigurationList;
			buildConfigurations = (
				29F656D51CEDCEFB0047D07C /* Debug */,
				29F656D61CEDCEFB0047D07C /* Release */,
			);
			defaultConfigurationIsVisible = 0;
		};
/* End XCConfigurationList section */
	};
	rootObject = 29F656AC1CEDCEFB0047D07C /* Project object */;
}
